
Microsoft Visual Studio Solution File, Format Version 12.00
# Visual Studio Version 16
VisualStudioVersion = 16.0.31702.278
MinimumVisualStudioVersion = 10.0.40219.1
Project("{9A19103F-16F7-4668-BE54-9A1E7A4F7556}") = "CentroEducativoPalmarSur", "CentroEducativoPalmarSur.csproj", "{0973FC46-96EF-4536-8E9A-EB4D72A69541}"
EndProject
Global
	GlobalSection(SolutionConfigurationPlatforms) = preSolution
		Debug|Any CPU = Debug|Any CPU
		Release|Any CPU = Release|Any CPU
	EndGlobalSection
	GlobalSection(ProjectConfigurationPlatforms) = postSolution
		{0973FC46-96EF-4536-8E9A-EB4D72A69541}.Debug|Any CPU.ActiveCfg = Debug|Any CPU
		{0973FC46-96EF-4536-8E9A-EB4D72A69541}.Debug|Any CPU.Build.0 = Debug|Any CPU
		{0973FC46-96EF-4536-8E9A-EB4D72A69541}.Release|Any CPU.ActiveCfg = Release|Any CPU
		{0973FC46-96EF-4536-8E9A-EB4D72A69541}.Release|Any CPU.Build.0 = Release|Any CPU
	EndGlobalSection
	GlobalSection(SolutionProperties) = preSolution
		HideSolutionNode = FALSE
	EndGlobalSection
	GlobalSection(ExtensibilityGlobals) = postSolution
		SolutionGuid = {A3E3C88E-CF35-40D5-96BE-48F1907974F8}
	EndGlobalSection
EndGlobal
